
Microsoft Visual Studio Solution File, Format Version 12.00
# Visual Studio 15
Project("{FAE04EC0-301F-11D3-BF4B-00C04F79EFBC}") = "Assembly-CSharp", "Assembly-CSharp.csproj", "{A15B68EC-1E7F-FB13-72F1-D49DF18E0962}"
EndProject
Project("{FAE04EC0-301F-11D3-BF4B-00C04F79EFBC}") = "UnitTestProject1", "..\UnitTestProject1\UnitTestProject1.csproj", "{E2C8BE10-8D5A-4143-8C64-592584800119}"
EndProject
Global
	GlobalSection(SolutionConfigurationPlatforms) = preSolution
		Debug|Any CPU = Debug|Any CPU
		Release|Any CPU = Release|Any CPU
	EndGlobalSection
	GlobalSection(ProjectConfigurationPlatforms) = postSolution
		{A15B68EC-1E7F-FB13-72F1-D49DF18E0962}.Debug|Any CPU.ActiveCfg = Debug|Any CPU
		{A15B68EC-1E7F-FB13-72F1-D49DF18E0962}.Debug|Any CPU.Build.0 = Debug|Any CPU
		{A15B68EC-1E7F-FB13-72F1-D49DF18E0962}.Release|Any CPU.ActiveCfg = Release|Any CPU
		{A15B68EC-1E7F-FB13-72F1-D49DF18E0962}.Release|Any CPU.Build.0 = Release|Any CPU
		{E2C8BE10-8D5A-4143-8C64-592584800119}.Debug|Any CPU.ActiveCfg = Debug|Any CPU
		{E2C8BE10-8D5A-4143-8C64-592584800119}.Debug|Any CPU.Build.0 = Debug|Any CPU
		{E2C8BE10-8D5A-4143-8C64-592584800119}.Release|Any CPU.ActiveCfg = Release|Any CPU
		{E2C8BE10-8D5A-4143-8C64-592584800119}.Release|Any CPU.Build.0 = Release|Any CPU
	EndGlobalSection
	GlobalSection(SolutionProperties) = preSolution
		HideSolutionNode = FALSE
	EndGlobalSection
EndGlobal
